
Microsoft Visual Studio Solution File, Format Version 12.00
# Visual Studio Version 16
VisualStudioVersion = 16.0.32630.194
MinimumVisualStudioVersion = 10.0.40219.1
Project("{FAE04EC0-301F-11D3-BF4B-00C04F79EFBC}") = "pagewis", "pagewis\pagewis.csproj", "{B80E9EB3-7F30-490A-B207-62DFE4EA3FB8}"
EndProject
Project("{FAE04EC0-301F-11D3-BF4B-00C04F79EFBC}") = "DomainLayer", "DomainLayer\DomainLayer.csproj", "{ADCA35D8-F4EE-451F-B08C-AE87DE74B819}"
EndProject
Project("{FAE04EC0-301F-11D3-BF4B-00C04F79EFBC}") = "RepositoryLayer", "RepositoryLayer\RepositoryLayer.csproj", "{BEA8739F-7BD0-44B0-8D7D-A97469EE9116}"
EndProject
Project("{FAE04EC0-301F-11D3-BF4B-00C04F79EFBC}") = "ServicesLayer", "ServicesLayer\ServicesLayer.csproj", "{17CAF029-8A99-4894-8B68-9B64C7DF5AED}"
EndProject
Global
	GlobalSection(SolutionConfigurationPlatforms) = preSolution
		Debug|Any CPU = Debug|Any CPU
		Release|Any CPU = Release|Any CPU
	EndGlobalSection
	GlobalSection(ProjectConfigurationPlatforms) = postSolution
		{B80E9EB3-7F30-490A-B207-62DFE4EA3FB8}.Debug|Any CPU.ActiveCfg = Debug|Any CPU
		{B80E9EB3-7F30-490A-B207-62DFE4EA3FB8}.Debug|Any CPU.Build.0 = Debug|Any CPU
		{B80E9EB3-7F30-490A-B207-62DFE4EA3FB8}.Release|Any CPU.ActiveCfg = Release|Any CPU
		{B80E9EB3-7F30-490A-B207-62DFE4EA3FB8}.Release|Any CPU.Build.0 = Release|Any CPU
		{ADCA35D8-F4EE-451F-B08C-AE87DE74B819}.Debug|Any CPU.ActiveCfg = Debug|Any CPU
		{ADCA35D8-F4EE-451F-B08C-AE87DE74B819}.Debug|Any CPU.Build.0 = Debug|Any CPU
		{ADCA35D8-F4EE-451F-B08C-AE87DE74B819}.Release|Any CPU.ActiveCfg = Release|Any CPU
		{ADCA35D8-F4EE-451F-B08C-AE87DE74B819}.Release|Any CPU.Build.0 = Release|Any CPU
		{BEA8739F-7BD0-44B0-8D7D-A97469EE9116}.Debug|Any CPU.ActiveCfg = Debug|Any CPU
		{BEA8739F-7BD0-44B0-8D7D-A97469EE9116}.Debug|Any CPU.Build.0 = Debug|Any CPU
		{BEA8739F-7BD0-44B0-8D7D-A97469EE9116}.Release|Any CPU.ActiveCfg = Release|Any CPU
		{BEA8739F-7BD0-44B0-8D7D-A97469EE9116}.Release|Any CPU.Build.0 = Release|Any CPU
		{17CAF029-8A99-4894-8B68-9B64C7DF5AED}.Debug|Any CPU.ActiveCfg = Debug|Any CPU
		{17CAF029-8A99-4894-8B68-9B64C7DF5AED}.Debug|Any CPU.Build.0 = Debug|Any CPU
		{17CAF029-8A99-4894-8B68-9B64C7DF5AED}.Release|Any CPU.ActiveCfg = Release|Any CPU
		{17CAF029-8A99-4894-8B68-9B64C7DF5AED}.Release|Any CPU.Build.0 = Release|Any CPU
	EndGlobalSection
	GlobalSection(SolutionProperties) = preSolution
		HideSolutionNode = FALSE
	EndGlobalSection
	GlobalSection(ExtensibilityGlobals) = postSolution
		SolutionGuid = {79D4AE7D-2787-4975-83D4-912EBE958378}
	EndGlobalSection
EndGlobal
